// !$*UTF8*$!
{
	archiveVersion = 1;
	classes = {
	};
	objectVersion = 46;
	objects = {

/* Begin PBXBuildFile section */
		E94E9C5120634F4F002D767F /* AppDelegate.swift in Sources */ = {isa = PBXBuildFile; fileRef = E94E9C5020634F4F002D767F /* AppDelegate.swift */; };
		E94E9C5320634F4F002D767F /* ViewController.swift in Sources */ = {isa = PBXBuildFile; fileRef = E94E9C5220634F4F002D767F /* ViewController.swift */; };
		E94E9C5620634F4F002D767F /* Main.storyboard in Resources */ = {isa = PBXBuildFile; fileRef = E94E9C5420634F4F002D767F /* Main.storyboard */; };
		E94E9C5820634F4F002D767F /* Assets.xcassets in Resources */ = {isa = PBXBuildFile; fileRef = E94E9C5720634F4F002D767F /* Assets.xcassets */; };
		E94E9C5B20634F4F002D767F /* LaunchScreen.storyboard in Resources */ = {isa = PBXBuildFile; fileRef = E94E9C5920634F4F002D767F /* LaunchScreen.storyboard */; };
/* End PBXBuildFile section */

/* Begin PBXFileReference section */
		E94E9C4D20634F4F002D767F /* button.app */ = {isa = PBXFileReference; explicitFileType = wrapper.application; includeInIndex = 0; path = button.app; sourceTree = BUILT_PRODUCTS_DIR; };
		E94E9C5020634F4F002D767F /* AppDelegate.swift */ = {isa = PBXFileReference; lastKnownFileType = sourcecode.swift; path = AppDelegate.swift; sourceTree = "<group>"; };
		E94E9C5220634F4F002D767F /* ViewController.swift */ = {isa = PBXFileReference; lastKnownFileType = sourcecode.swift; path = ViewController.swift; sourceTree = "<group>"; };
		E94E9C5520634F4F002D767F /* Base */ = {isa = PBXFileReference; lastKnownFileType = file.storyboard; name = Base; path = Base.lproj/Main.storyboard; sourceTree = "<group>"; };
		E94E9C5720634F4F002D767F /* Assets.xcassets */ = {isa = PBXFileReference; lastKnownFileType = folder.assetcatalog; path = Assets.xcassets; sourceTree = "<group>"; };
		E94E9C5A20634F4F002D767F /* Base */ = {isa = PBXFileReference; lastKnownFileType = file.storyboard; name = Base; path = Base.lproj/LaunchScreen.storyboard; sourceTree = "<group>"; };
		E94E9C5C20634F4F002D767F /* Info.plist */ = {isa = PBXFileReference; lastKnownFileType = text.plist.xml; path = Info.plist; sourceTree = "<group>"; };
/* End PBXFileReference section */

/* Begin PBXFrameworksBuildPhase section */
		E94E9C4A20634F4F002D767F /* Frameworks */ = {
			isa = PBXFrameworksBuildPhase;
			buildActionMask = 2147483647;
			files = (
			);
			runOnlyForDeploymentPostprocessing = 0;
		};
/* End PBXFrameworksBuildPhase section */

/* Begin PBXGroup section */
		E94E9C4420634F4F002D767F = {
			isa = PBXGroup;
			children = (
				E94E9C4F20634F4F002D767F /* button */,
				E94E9C4E20634F4F002D767F /* Products */,
			);
			sourceTree = "<group>";
		};
		E94E9C4E20634F4F002D767F /* Products */ = {
			isa = PBXGroup;
			children = (
				E94E9C4D20634F4F002D767F /* button.app */,
			);
			name = Products;
			sourceTree = "<group>";
		};
		E94E9C4F20634F4F002D767F /* button */ = {
			isa = PBXGroup;
			children = (
				E94E9C5020634F4F002D767F /* AppDelegate.swift */,
				E94E9C5220634F4F002D767F /* ViewController.swift */,
				E94E9C5420634F4F002D767F /* Main.storyboard */,
				E94E9C5720634F4F002D767F /* Assets.xcassets */,
				E94E9C5920634F4F002D767F /* LaunchScreen.storyboard */,
				E94E9C5C20634F4F002D767F /* Info.plist */,
			);
			path = button;
			sourceTree = "<group>";
		};
/* End PBXGroup section */

/* Begin PBXNativeTarget section */
		E94E9C4C20634F4F002D767F /* button */ = {
			isa = PBXNativeTarget;
			buildConfigurationList = E94E9C5F20634F4F002D767F /* Build configuration list for PBXNativeTarget "button" */;
			buildPhases = (
				E94E9C4920634F4F002D767F /* Sources */,
				E94E9C4A20634F4F002D767F /* Frameworks */,
				E94E9C4B20634F4F002D767F /* Resources */,
			);
			buildRules = (
			);
			dependencies = (
			);
			name = button;
			productName = button;
			productReference = E94E9C4D20634F4F002D767F /* button.app */;
			productType = "com.apple.product-type.application";
		};
/* End PBXNativeTarget section */

/* Begin PBXProject section */
		E94E9C4520634F4F002D767F /* Project object */ = {
			isa = PBXProject;
			attributes = {
				LastSwiftUpdateCheck = 0830;
				LastUpgradeCheck = 0830;
				ORGANIZATIONNAME = gdcp;
				TargetAttributes = {
					E94E9C4C20634F4F002D767F = {
						CreatedOnToolsVersion = 8.3.3;
						ProvisioningStyle = Automatic;
					};
				};
			};
			buildConfigurationList = E94E9C4820634F4F002D767F /* Build configuration list for PBXProject "button" */;
			compatibilityVersion = "Xcode 3.2";
			developmentRegion = English;
			hasScannedForEncodings = 0;
			knownRegions = (
				en,
				Base,
			);
			mainGroup = E94E9C4420634F4F002D767F;
			productRefGroup = E94E9C4E20634F4F002D767F /* Products */;
			projectDirPath = "";
			projectRoot = "";
			targets = (
				E94E9C4C20634F4F002D767F /* button */,
			);
		};
/* End PBXProject section */

/* Begin PBXResourcesBuildPhase section */
		E94E9C4B20634F4F002D767F /* Resources */ = {
			isa = PBXResourcesBuildPhase;
			buildActionMask = 2147483647;
			files = (
				E94E9C5B20634F4F002D767F /* LaunchScreen.storyboard in Resources */,
				E94E9C5820634F4F002D767F /* Assets.xcassets in Resources */,
				E94E9C5620634F4F002D767F /* Main.storyboard in Resources */,
			);
			runOnlyForDeploymentPostprocessing = 0;
		};
/* End PBXResourcesBuildPhase section */

/* Begin PBXSourcesBuildPhase section */
		E94E9C4920634F4F002D767F /* Sources */ = {
			isa = PBXSourcesBuildPhase;
			buildActionMask = 2147483647;
			files = (
				E94E9C5320634F4F002D767F /* ViewController.swift in Sources */,
				E94E9C5120634F4F002D767F /* AppDelegate.swift in Sources */,
			);
			runOnlyForDeploymentPostprocessing = 0;
		};
/* End PBXSourcesBuildPhase section */

/* Begin PBXVariantGroup section */
		E94E9C5420634F4F002D767F /* Main.storyboard */ = {
			isa = PBXVariantGroup;
			children = (
				E94E9C5520634F4F002D767F /* Base */,
			);
			name = Main.storyboard;
			sourceTree = "<group>";
		};
		E94E9C5920634F4F002D767F /* LaunchScreen.storyboard */ = {
			isa = PBXVariantGroup;
			children = (
				E94E9C5A20634F4F002D767F /* Base */,
			);
			name = LaunchScreen.storyboard;
			sourceTree = "<group>";
		};
/* End PBXVariantGroup section */

/* Begin XCBuildConfiguration section */
		E94E9C5D20634F4F002D767F /* Debug */ = {
			isa = XCBuildConfiguration;
			buildSettings = {
				ALWAYS_SEARCH_USER_PATHS = NO;
				CLANG_ANALYZER_NONNULL = YES;
				CLANG_ANALYZER_NUMBER_OBJECT_CONVERSION = YES_AGGRESSIVE;
				CLANG_CXX_LANGUAGE_STANDARD = "gnu++0x";
				CLANG_CXX_LIBRARY = "libc++";
				CLANG_ENABLE_MODULES = YES;
				CLANG_ENABLE_OBJC_ARC = YES;
				CLANG_WARN_BOOL_CONVERSION = YES;
				CLANG_WARN_CONSTANT_CONVERSION = YES;
				CLANG_WARN_DIRECT_OBJC_ISA_USAGE = YES_ERROR;
				CLANG_WARN_DOCUMENTATION_COMMENTS = YES;
				CLANG_WARN_EMPTY_BODY = YES;
				CLANG_WARN_ENUM_CONVERSION = YES;
				CLANG_WARN_INFINITE_RECURSION = YES;
				CLANG_WARN_INT_CONVERSION = YES;
				CLANG_WARN_OBJC_ROOT_CLASS = YES_ERROR;
				CLANG_WARN_SUSPICIOUS_MOVE = YES;
				CLANG_WARN_UNREACHABLE_CODE = YES;
				CLANG_WARN__DUPLICATE_METHOD_MATCH = YES;
				"CODE_SIGN_IDENTITY[sdk=iphoneos*]" = "iPhone Developer";
				COPY_PHASE_STRIP = NO;
				DEBUG_INFORMATION_FORMAT = dwarf;
				ENABLE_STRICT_OBJC_MSGSEND = YES;
				ENABLE_TESTABILITY = YES;
				GCC_C_LANGUAGE_STANDARD = gnu99;
				GCC_DYNAMIC_NO_PIC = NO;
				GCC_NO_COMMON_BLOCKS = YES;
				GCC_OPTIMIZATION_LEVEL = 0;
				GCC_PREPROCESSOR_DEFINITIONS = (
					"DEBUG=1",
					"$(inherited)",
				);
				GCC_WARN_64_TO_32_BIT_CONVERSION = YES;
				GCC_WARN_ABOUT_RETURN_TYPE = YES_ERROR;
				GCC_WARN_UNDECLARED_SELECTOR = YES;
				GCC_WARN_UNINITIALIZED_AUTOS = YES_AGGRESSIVE;
				GCC_WARN_UNUSED_FUNCTION = YES;
				GCC_WARN_UNUSED_VARIABLE = YES;
				IPHONEOS_DEPLOYMENT_TARGET = 10.3;
				MTL_ENABLE_DEBUG_INFO = YES;
				ONLY_ACTIVE_ARCH = YES;
				SDKROOT = iphoneos;
				SWIFT_ACTIVE_COMPILATION_CONDITIONS = DEBUG;
				SWIFT_OPTIMIZATION_LEVEL = "-Onone";
				TARGETED_DEVICE_FAMILY = "1,2";
			};
			name = Debug;
		};
		E94E9C5E20634F4F002D767F /* Release */ = {
			isa = XCBuildConfiguration;
			buildSettings = {
				ALWAYS_SEARCH_USER_PATHS = NO;
				CLANG_ANALYZER_NONNULL = YES;
				CLANG_ANALYZER_NUMBER_OBJECT_CONVERSION = YES_AGGRESSIVE;
				CLANG_CXX_LANGUAGE_STANDARD = "gnu++0x";
				CLANG_CXX_LIBRARY = "libc++";
				CLANG_ENABLE_MODULES = YES;
				CLANG_ENABLE_OBJC_ARC = YES;
				CLANG_WARN_BOOL_CONVERSION = YES;
				CLANG_WARN_CONSTANT_CONVERSION = YES;
				CLANG_WARN_DIRECT_OBJC_ISA_USAGE = YES_ERROR;
				CLANG_WARN_DOCUMENTATION_COMMENTS = YES;
				CLANG_WARN_EMPTY_BODY = YES;
				CLANG_WARN_ENUM_CONVERSION = YES;
				CLANG_WARN_INFINITE_RECURSION = YES;
				CLANG_WARN_INT_CONVERSION = YES;
				CLANG_WARN_OBJC_ROOT_CLASS = YES_ERROR;
				CLANG_WARN_SUSPICIOUS_MOVE = YES;
				CLANG_WARN_UNREACHABLE_CODE = YES;
				CLANG_WARN__DUPLICATE_METHOD_MATCH = YES;
				"CODE_SIGN_IDENTITY[sdk=iphoneos*]" = "iPhone Developer";
				COPY_PHASE_STRIP = NO;
				DEBUG_INFORMATION_FORMAT = "dwarf-with-dsym";
				ENABLE_NS_ASSERTIONS = NO;
				ENABLE_STRICT_OBJC_MSGSEND = YES;
				GCC_C_LANGUAGE_STANDARD = gnu99;
				GCC_NO_COMMON_BLOCKS = YES;
				GCC_WARN_64_TO_32_BIT_CONVERSION = YES;
				GCC_WARN_ABOUT_RETURN_TYPE = YES_ERROR;
				GCC_WARN_UNDECLARED_SELECTOR = YES;
				GCC_WARN_UNINITIALIZED_AUTOS = YES_AGGRESSIVE;
				GCC_WARN_UNUSED_FUNCTION = YES;
				GCC_WARN_UNUSED_VARIABLE = YES;
				IPHONEOS_DEPLOYMENT_TARGET = 10.3;
				MTL_ENABLE_DEBUG_INFO = NO;
				SDKROOT = iphoneos;
				SWIFT_OPTIMIZATION_LEVEL = "-Owholemodule";
				TARGETED_DEVICE_FAMILY = "1,2";
				VALIDATE_PRODUCT = YES;
			};
			name = Release;
		};
		E94E9C6020634F4F002D767F /* Debug */ = {
			isa = XCBuildConfiguration;
			buildSettings = {
				ASSETCATALOG_COMPILER_APPICON_NAME = AppIcon;
				INFOPLIST_FILE = button/Info.plist;
				LD_RUNPATH_SEARCH_PATHS = "$(inherited) @executable_path/Frameworks";
				PRODUCT_BUNDLE_IDENTIFIER = gdcp.button;
				PRODUCT_NAME = "$(TARGET_NAME)";
				SWIFT_VERSION = 3.0;
			};
			name = Debug;
		};
		E94E9C6120634F4F002D767F /* Release */ = {
			isa = XCBuildConfiguration;
			buildSettings = {
				ASSETCATALOG_COMPILER_APPICON_NAME = AppIcon;
				INFOPLIST_FILE = button/Info.plist;
				LD_RUNPATH_SEARCH_PATHS = "$(inherited) @executable_path/Frameworks";
				PRODUCT_BUNDLE_IDENTIFIER = gdcp.button;
				PRODUCT_NAME = "$(TARGET_NAME)";
				SWIFT_VERSION = 3.0;
			};
			name = Release;
		};
/* End XCBuildConfiguration section */

/* Begin XCConfigurationList section */
		E94E9C4820634F4F002D767F /* Build configuration list for PBXProject "button" */ = {
			isa = XCConfigurationList;
			buildConfigurations = (
				E94E9C5D20634F4F002D767F /* Debug */,
				E94E9C5E20634F4F002D767F /* Release */,
			);
			defaultConfigurationIsVisible = 0;
			defaultConfigurationName = Release;
		};
		E94E9C5F20634F4F002D767F /* Build configuration list for PBXNativeTarget "button" */ = {
			isa = XCConfigurationList;
			buildConfigurations = (
				E94E9C6020634F4F002D767F /* Debug */,
				E94E9C6120634F4F002D767F /* Release */,
			);
			defaultConfigurationIsVisible = 0;
		};
/* End XCConfigurationList section */
	};
	rootObject = E94E9C4520634F4F002D767F /* Project object */;
}
